// !$*UTF8*$!
{
	archiveVersion = 1;
	classes = {
	};
	objectVersion = 55;
	objects = {

/* Begin PBXBuildFile section */
		1F133BE32861F687002D587A /* LogIn.swift in Sources */ = {isa = PBXBuildFile; fileRef = 1F133BE22861F687002D587A /* LogIn.swift */; };
		1F133BE72861F6D0002D587A /* LogIn.storyboard in Resources */ = {isa = PBXBuildFile; fileRef = 1F133BE62861F6D0002D587A /* LogIn.storyboard */; };
		1F133BE92861FF01002D587A /* Main.storyboard in Resources */ = {isa = PBXBuildFile; fileRef = 1F133BE82861FF01002D587A /* Main.storyboard */; };
		1F55D17B2861E27F009A870D /* User.swift in Sources */ = {isa = PBXBuildFile; fileRef = 1F55D17A2861E27F009A870D /* User.swift */; };
		1F55D17D2861E308009A870D /* Event.swift in Sources */ = {isa = PBXBuildFile; fileRef = 1F55D17C2861E308009A870D /* Event.swift */; };
		1F55D17F2861E3CC009A870D /* Club.swift in Sources */ = {isa = PBXBuildFile; fileRef = 1F55D17E2861E3CC009A870D /* Club.swift */; };
		1F55D1812861E516009A870D /* Protocols.swift in Sources */ = {isa = PBXBuildFile; fileRef = 1F55D1802861E516009A870D /* Protocols.swift */; };
		1F574B1728608C6600E59550 /* AppDelegate.swift in Sources */ = {isa = PBXBuildFile; fileRef = 1F574B1628608C6600E59550 /* AppDelegate.swift */; };
		1F574B1928608C6600E59550 /* SceneDelegate.swift in Sources */ = {isa = PBXBuildFile; fileRef = 1F574B1828608C6600E59550 /* SceneDelegate.swift */; };
		1F574B1B28608C6600E59550 /* Main.swift in Sources */ = {isa = PBXBuildFile; fileRef = 1F574B1A28608C6600E59550 /* Main.swift */; };
		1F574B2028608C6700E59550 /* Assets.xcassets in Resources */ = {isa = PBXBuildFile; fileRef = 1F574B1F28608C6700E59550 /* Assets.xcassets */; };
		1F574B2328608C6700E59550 /* LaunchScreen.storyboard in Resources */ = {isa = PBXBuildFile; fileRef = 1F574B2128608C6700E59550 /* LaunchScreen.storyboard */; };
		1F574B2B28608F4500E59550 /* GoogleService-Info.plist in Resources */ = {isa = PBXBuildFile; fileRef = 1F574B2A28608F4500E59550 /* GoogleService-Info.plist */; };
		1FA2FFEA28647415003A49C0 /* NoInternet.storyboard in Resources */ = {isa = PBXBuildFile; fileRef = 1FA2FFE928647415003A49C0 /* NoInternet.storyboard */; };
		1FA2FFEC2864743C003A49C0 /* NoInternet.swift in Sources */ = {isa = PBXBuildFile; fileRef = 1FA2FFEB2864743C003A49C0 /* NoInternet.swift */; };
		1FA2FFF028857093003A49C0 /* Navig.swift in Sources */ = {isa = PBXBuildFile; fileRef = 1FA2FFEF28857092003A49C0 /* Navig.swift */; };
		912E9671287C523C00FAF7DE /* ClubTableViewCell.xib in Resources */ = {isa = PBXBuildFile; fileRef = 912E966F287C523C00FAF7DE /* ClubTableViewCell.xib */; };
		912E9673287C550000FAF7DE /* ClubViewController.swift in Sources */ = {isa = PBXBuildFile; fileRef = 912E9672287C550000FAF7DE /* ClubViewController.swift */; };
		912E9675287C66B100FAF7DE /* ClubDetailViewController.swift in Sources */ = {isa = PBXBuildFile; fileRef = 912E9674287C66B100FAF7DE /* ClubDetailViewController.swift */; };
		91477912288544E400E2D557 /* ClubTableViewCell.swift in Sources */ = {isa = PBXBuildFile; fileRef = 91477911288544E400E2D557 /* ClubTableViewCell.swift */; };
		914779152885474E00E2D557 /* WeeklySchedTableViewCell.swift in Sources */ = {isa = PBXBuildFile; fileRef = 914779132885474E00E2D557 /* WeeklySchedTableViewCell.swift */; };
		914779162885474E00E2D557 /* WeeklySchedTableViewCell.xib in Resources */ = {isa = PBXBuildFile; fileRef = 914779142885474E00E2D557 /* WeeklySchedTableViewCell.xib */; };
		914779182885482600E2D557 /* Schedule.swift in Sources */ = {isa = PBXBuildFile; fileRef = 914779172885482600E2D557 /* Schedule.swift */; };
		9159E4DB287EF28300CFACCA /* GroupChatViewController.swift in Sources */ = {isa = PBXBuildFile; fileRef = 9159E4DA287EF28300CFACCA /* GroupChatViewController.swift */; };
		9159E4DF287EF53200CFACCA /* ChatTableViewCell.xib in Resources */ = {isa = PBXBuildFile; fileRef = 9159E4DD287EF53200CFACCA /* ChatTableViewCell.xib */; };
		9159E4E1287EF75D00CFACCA /* Message.swift in Sources */ = {isa = PBXBuildFile; fileRef = 9159E4E0287EF75D00CFACCA /* Message.swift */; };
		97D0E4239CD705AAA5B7AC68 /* Pods_NotVega_Help.framework in Frameworks */ = {isa = PBXBuildFile; fileRef = 3E35F28F1110CCF68B61A5AA /* Pods_NotVega_Help.framework */; };
		DE779E70287F274F00E4A90E /* WeeklySchedule.swift in Sources */ = {isa = PBXBuildFile; fileRef = DE779E6F287F274F00E4A90E /* WeeklySchedule.swift */; };
		DE779E72287F2DDF00E4A90E /* CalendarViewController.swift in Sources */ = {isa = PBXBuildFile; fileRef = DE779E71287F2DDF00E4A90E /* CalendarViewController.swift */; };
		DE779E74287F2E4000E4A90E /* MapViewController.swift in Sources */ = {isa = PBXBuildFile; fileRef = DE779E73287F2E4000E4A90E /* MapViewController.swift */; };
/* End PBXBuildFile section */

/* Begin PBXFileReference section */
		1F133BE22861F687002D587A /* LogIn.swift */ = {isa = PBXFileReference; lastKnownFileType = sourcecode.swift; path = LogIn.swift; sourceTree = "<group>"; };
		1F133BE62861F6D0002D587A /* LogIn.storyboard */ = {isa = PBXFileReference; lastKnownFileType = file.storyboard; path = LogIn.storyboard; sourceTree = "<group>"; };
		1F133BE82861FF01002D587A /* Main.storyboard */ = {isa = PBXFileReference; lastKnownFileType = file.storyboard; path = Main.storyboard; sourceTree = "<group>"; };
		1F55D17A2861E27F009A870D /* User.swift */ = {isa = PBXFileReference; lastKnownFileType = sourcecode.swift; path = User.swift; sourceTree = "<group>"; };
		1F55D17C2861E308009A870D /* Event.swift */ = {isa = PBXFileReference; lastKnownFileType = sourcecode.swift; path = Event.swift; sourceTree = "<group>"; };
		1F55D17E2861E3CC009A870D /* Club.swift */ = {isa = PBXFileReference; lastKnownFileType = sourcecode.swift; path = Club.swift; sourceTree = "<group>"; };
		1F55D1802861E516009A870D /* Protocols.swift */ = {isa = PBXFileReference; lastKnownFileType = sourcecode.swift; path = Protocols.swift; sourceTree = "<group>"; };
		1F574B1328608C6600E59550 /* NotVega Help.app */ = {isa = PBXFileReference; explicitFileType = wrapper.application; includeInIndex = 0; path = "NotVega Help.app"; sourceTree = BUILT_PRODUCTS_DIR; };
		1F574B1628608C6600E59550 /* AppDelegate.swift */ = {isa = PBXFileReference; lastKnownFileType = sourcecode.swift; path = AppDelegate.swift; sourceTree = "<group>"; };
		1F574B1828608C6600E59550 /* SceneDelegate.swift */ = {isa = PBXFileReference; lastKnownFileType = sourcecode.swift; path = SceneDelegate.swift; sourceTree = "<group>"; };
		1F574B1A28608C6600E59550 /* Main.swift */ = {isa = PBXFileReference; lastKnownFileType = sourcecode.swift; path = Main.swift; sourceTree = "<group>"; };
		1F574B1F28608C6700E59550 /* Assets.xcassets */ = {isa = PBXFileReference; lastKnownFileType = folder.assetcatalog; path = Assets.xcassets; sourceTree = "<group>"; };
		1F574B2228608C6700E59550 /* Base */ = {isa = PBXFileReference; lastKnownFileType = file.storyboard; name = Base; path = Base.lproj/LaunchScreen.storyboard; sourceTree = "<group>"; };
		1F574B2428608C6700E59550 /* Info.plist */ = {isa = PBXFileReference; lastKnownFileType = text.plist.xml; path = Info.plist; sourceTree = "<group>"; };
		1F574B2A28608F4500E59550 /* GoogleService-Info.plist */ = {isa = PBXFileReference; fileEncoding = 4; lastKnownFileType = text.plist.xml; path = "GoogleService-Info.plist"; sourceTree = "<group>"; };
		1FA2FFE928647415003A49C0 /* NoInternet.storyboard */ = {isa = PBXFileReference; lastKnownFileType = file.storyboard; path = NoInternet.storyboard; sourceTree = "<group>"; };
		1FA2FFEB2864743C003A49C0 /* NoInternet.swift */ = {isa = PBXFileReference; lastKnownFileType = sourcecode.swift; path = NoInternet.swift; sourceTree = "<group>"; };
		1FA2FFEF28857092003A49C0 /* Navig.swift */ = {isa = PBXFileReference; lastKnownFileType = sourcecode.swift; path = Navig.swift; sourceTree = "<group>"; };
		3008460DFFCBEFD2073A35E3 /* Pods-NotVega Help.debug.xcconfig */ = {isa = PBXFileReference; includeInIndex = 1; lastKnownFileType = text.xcconfig; name = "Pods-NotVega Help.debug.xcconfig"; path = "Target Support Files/Pods-NotVega Help/Pods-NotVega Help.debug.xcconfig"; sourceTree = "<group>"; };
		3E35F28F1110CCF68B61A5AA /* Pods_NotVega_Help.framework */ = {isa = PBXFileReference; explicitFileType = wrapper.framework; includeInIndex = 0; path = Pods_NotVega_Help.framework; sourceTree = BUILT_PRODUCTS_DIR; };
		7E9E9235E316A8B52BC667AB /* Pods-NotVega Help.release.xcconfig */ = {isa = PBXFileReference; includeInIndex = 1; lastKnownFileType = text.xcconfig; name = "Pods-NotVega Help.release.xcconfig"; path = "Target Support Files/Pods-NotVega Help/Pods-NotVega Help.release.xcconfig"; sourceTree = "<group>"; };
		912E966F287C523C00FAF7DE /* ClubTableViewCell.xib */ = {isa = PBXFileReference; lastKnownFileType = file.xib; path = ClubTableViewCell.xib; sourceTree = "<group>"; };
		912E9672287C550000FAF7DE /* ClubViewController.swift */ = {isa = PBXFileReference; lastKnownFileType = sourcecode.swift; path = ClubViewController.swift; sourceTree = "<group>"; };
		912E9674287C66B100FAF7DE /* ClubDetailViewController.swift */ = {isa = PBXFileReference; lastKnownFileType = sourcecode.swift; path = ClubDetailViewController.swift; sourceTree = "<group>"; };
		91477911288544E400E2D557 /* ClubTableViewCell.swift */ = {isa = PBXFileReference; lastKnownFileType = sourcecode.swift; path = ClubTableViewCell.swift; sourceTree = "<group>"; };
		914779132885474E00E2D557 /* WeeklySchedTableViewCell.swift */ = {isa = PBXFileReference; lastKnownFileType = sourcecode.swift; path = WeeklySchedTableViewCell.swift; sourceTree = "<group>"; };
		914779142885474E00E2D557 /* WeeklySchedTableViewCell.xib */ = {isa = PBXFileReference; lastKnownFileType = file.xib; path = WeeklySchedTableViewCell.xib; sourceTree = "<group>"; };
		914779172885482600E2D557 /* Schedule.swift */ = {isa = PBXFileReference; lastKnownFileType = sourcecode.swift; path = Schedule.swift; sourceTree = "<group>"; };
		9159E4DA287EF28300CFACCA /* GroupChatViewController.swift */ = {isa = PBXFileReference; lastKnownFileType = sourcecode.swift; path = GroupChatViewController.swift; sourceTree = "<group>"; };
		9159E4DD287EF53200CFACCA /* ChatTableViewCell.xib */ = {isa = PBXFileReference; lastKnownFileType = file.xib; path = ChatTableViewCell.xib; sourceTree = "<group>"; };
		9159E4E0287EF75D00CFACCA /* Message.swift */ = {isa = PBXFileReference; lastKnownFileType = sourcecode.swift; path = Message.swift; sourceTree = "<group>"; };
		DE779E6F287F274F00E4A90E /* WeeklySchedule.swift */ = {isa = PBXFileReference; lastKnownFileType = sourcecode.swift; path = WeeklySchedule.swift; sourceTree = "<group>"; };
		DE779E71287F2DDF00E4A90E /* CalendarViewController.swift */ = {isa = PBXFileReference; lastKnownFileType = sourcecode.swift; path = CalendarViewController.swift; sourceTree = "<group>"; };
		DE779E73287F2E4000E4A90E /* MapViewController.swift */ = {isa = PBXFileReference; lastKnownFileType = sourcecode.swift; name = MapViewController.swift; path = "NotVega Help/Views/MapViewController.swift"; sourceTree = SOURCE_ROOT; };
/* End PBXFileReference section */

/* Begin PBXFrameworksBuildPhase section */
		1F574B1028608C6600E59550 /* Frameworks */ = {
			isa = PBXFrameworksBuildPhase;
			buildActionMask = 2147483647;
			files = (
				97D0E4239CD705AAA5B7AC68 /* Pods_NotVega_Help.framework in Frameworks */,
			);
			runOnlyForDeploymentPostprocessing = 0;
		};
/* End PBXFrameworksBuildPhase section */

/* Begin PBXGroup section */
		0AC485FA8533548C697D40CB /* Frameworks */ = {
			isa = PBXGroup;
			children = (
				3E35F28F1110CCF68B61A5AA /* Pods_NotVega_Help.framework */,
			);
			name = Frameworks;
			sourceTree = "<group>";
		};
		1F55D1792861E23D009A870D /* Models */ = {
			isa = PBXGroup;
			children = (
				1F55D17A2861E27F009A870D /* User.swift */,
				1F55D17C2861E308009A870D /* Event.swift */,
				1F55D17E2861E3CC009A870D /* Club.swift */,
				1F55D1802861E516009A870D /* Protocols.swift */,
				9159E4E0287EF75D00CFACCA /* Message.swift */,
				914779172885482600E2D557 /* Schedule.swift */,
			);
			path = Models;
			sourceTree = "<group>";
		};
		1F55D1822861E5D6009A870D /* Controllers */ = {
			isa = PBXGroup;
			children = (
				DE779E73287F2E4000E4A90E /* MapViewController.swift */,
				DE779E71287F2DDF00E4A90E /* CalendarViewController.swift */,
				DE779E6F287F274F00E4A90E /* WeeklySchedule.swift */,
				1F574B1A28608C6600E59550 /* Main.swift */,
				1F133BE22861F687002D587A /* LogIn.swift */,
				1FA2FFEB2864743C003A49C0 /* NoInternet.swift */,
				912E9672287C550000FAF7DE /* ClubViewController.swift */,
				912E9674287C66B100FAF7DE /* ClubDetailViewController.swift */,
				9159E4DA287EF28300CFACCA /* GroupChatViewController.swift */,
				1FA2FFEF28857092003A49C0 /* Navig.swift */,
			);
			path = Controllers;
			sourceTree = "<group>";
		};
		1F55D1832861E5E6009A870D /* Views */ = {
			isa = PBXGroup;
			children = (
				1F133BE62861F6D0002D587A /* LogIn.storyboard */,
				1F133BE82861FF01002D587A /* Main.storyboard */,
				1FA2FFE928647415003A49C0 /* NoInternet.storyboard */,
				1F574B2128608C6700E59550 /* LaunchScreen.storyboard */,
				912E966F287C523C00FAF7DE /* ClubTableViewCell.xib */,
				9159E4DD287EF53200CFACCA /* ChatTableViewCell.xib */,
				91477911288544E400E2D557 /* ClubTableViewCell.swift */,
				914779132885474E00E2D557 /* WeeklySchedTableViewCell.swift */,
				914779142885474E00E2D557 /* WeeklySchedTableViewCell.xib */,
			);
			path = Views;
			sourceTree = "<group>";
		};
		1F574B0A28608C6600E59550 = {
			isa = PBXGroup;
			children = (
				1F574B1528608C6600E59550 /* NotVega Help */,
				1F574B1428608C6600E59550 /* Products */,
				847FCE8C46B7CEC7B8A9AC28 /* Pods */,
				0AC485FA8533548C697D40CB /* Frameworks */,
			);
			sourceTree = "<group>";
		};
		1F574B1428608C6600E59550 /* Products */ = {
			isa = PBXGroup;
			children = (
				1F574B1328608C6600E59550 /* NotVega Help.app */,
			);
			name = Products;
			sourceTree = "<group>";
		};
		1F574B1528608C6600E59550 /* NotVega Help */ = {
			isa = PBXGroup;
			children = (
				1F574B1628608C6600E59550 /* AppDelegate.swift */,
				1F574B1828608C6600E59550 /* SceneDelegate.swift */,
				1F55D1792861E23D009A870D /* Models */,
				1F55D1822861E5D6009A870D /* Controllers */,
				1F55D1832861E5E6009A870D /* Views */,
				1F574B1F28608C6700E59550 /* Assets.xcassets */,
				1F574B2428608C6700E59550 /* Info.plist */,
				1F574B2A28608F4500E59550 /* GoogleService-Info.plist */,
			);
			path = "NotVega Help";
			sourceTree = "<group>";
		};
		847FCE8C46B7CEC7B8A9AC28 /* Pods */ = {
			isa = PBXGroup;
			children = (
				3008460DFFCBEFD2073A35E3 /* Pods-NotVega Help.debug.xcconfig */,
				7E9E9235E316A8B52BC667AB /* Pods-NotVega Help.release.xcconfig */,
			);
			path = Pods;
			sourceTree = "<group>";
		};
/* End PBXGroup section */

/* Begin PBXNativeTarget section */
		1F574B1228608C6600E59550 /* NotVega Help */ = {
			isa = PBXNativeTarget;
			buildConfigurationList = 1F574B2728608C6700E59550 /* Build configuration list for PBXNativeTarget "NotVega Help" */;
			buildPhases = (
				620FF779BB01DB6626FA5A99 /* [CP] Check Pods Manifest.lock */,
				1F574B0F28608C6600E59550 /* Sources */,
				1F574B1028608C6600E59550 /* Frameworks */,
				1F574B1128608C6600E59550 /* Resources */,
				52C651C0FBA1ED7C5B62F370 /* [CP] Embed Pods Frameworks */,
			);
			buildRules = (
			);
			dependencies = (
			);
			name = "NotVega Help";
			productName = "NotVega Help";
			productReference = 1F574B1328608C6600E59550 /* NotVega Help.app */;
			productType = "com.apple.product-type.application";
		};
/* End PBXNativeTarget section */

/* Begin PBXProject section */
		1F574B0B28608C6600E59550 /* Project object */ = {
			isa = PBXProject;
			attributes = {
				BuildIndependentTargetsInParallel = 1;
				LastSwiftUpdateCheck = 1320;
				LastUpgradeCheck = 1320;
				TargetAttributes = {
					1F574B1228608C6600E59550 = {
						CreatedOnToolsVersion = 13.2.1;
					};
				};
			};
			buildConfigurationList = 1F574B0E28608C6600E59550 /* Build configuration list for PBXProject "NotVega Help" */;
			compatibilityVersion = "Xcode 13.0";
			developmentRegion = en;
			hasScannedForEncodings = 0;
			knownRegions = (
				en,
				Base,
			);
			mainGroup = 1F574B0A28608C6600E59550;
			productRefGroup = 1F574B1428608C6600E59550 /* Products */;
			projectDirPath = "";
			projectRoot = "";
			targets = (
				1F574B1228608C6600E59550 /* NotVega Help */,
			);
		};
/* End PBXProject section */

/* Begin PBXResourcesBuildPhase section */
		1F574B1128608C6600E59550 /* Resources */ = {
			isa = PBXResourcesBuildPhase;
			buildActionMask = 2147483647;
			files = (
				1F574B2328608C6700E59550 /* LaunchScreen.storyboard in Resources */,
				9159E4DF287EF53200CFACCA /* ChatTableViewCell.xib in Resources */,
				914779162885474E00E2D557 /* WeeklySchedTableViewCell.xib in Resources */,
				1F574B2028608C6700E59550 /* Assets.xcassets in Resources */,
				1FA2FFEA28647415003A49C0 /* NoInternet.storyboard in Resources */,
				1F133BE92861FF01002D587A /* Main.storyboard in Resources */,
				1F574B2B28608F4500E59550 /* GoogleService-Info.plist in Resources */,
				1F133BE72861F6D0002D587A /* LogIn.storyboard in Resources */,
				912E9671287C523C00FAF7DE /* ClubTableViewCell.xib in Resources */,
			);
			runOnlyForDeploymentPostprocessing = 0;
		};
/* End PBXResourcesBuildPhase section */

/* Begin PBXShellScriptBuildPhase section */
		52C651C0FBA1ED7C5B62F370 /* [CP] Embed Pods Frameworks */ = {
			isa = PBXShellScriptBuildPhase;
			buildActionMask = 2147483647;
			files = (
			);
			inputFileListPaths = (
				"${PODS_ROOT}/Target Support Files/Pods-NotVega Help/Pods-NotVega Help-frameworks-${CONFIGURATION}-input-files.xcfilelist",
			);
			name = "[CP] Embed Pods Frameworks";
			outputFileListPaths = (
				"${PODS_ROOT}/Target Support Files/Pods-NotVega Help/Pods-NotVega Help-frameworks-${CONFIGURATION}-output-files.xcfilelist",
			);
			runOnlyForDeploymentPostprocessing = 0;
			shellPath = /bin/sh;
			shellScript = "\"${PODS_ROOT}/Target Support Files/Pods-NotVega Help/Pods-NotVega Help-frameworks.sh\"\n";
			showEnvVarsInLog = 0;
		};
		620FF779BB01DB6626FA5A99 /* [CP] Check Pods Manifest.lock */ = {
			isa = PBXShellScriptBuildPhase;
			buildActionMask = 2147483647;
			files = (
			);
			inputFileListPaths = (
			);
			inputPaths = (
				"${PODS_PODFILE_DIR_PATH}/Podfile.lock",
				"${PODS_ROOT}/Manifest.lock",
			);
			name = "[CP] Check Pods Manifest.lock";
			outputFileListPaths = (
			);
			outputPaths = (
				"$(DERIVED_FILE_DIR)/Pods-NotVega Help-checkManifestLockResult.txt",
			);
			runOnlyForDeploymentPostprocessing = 0;
			shellPath = /bin/sh;
			shellScript = "diff \"${PODS_PODFILE_DIR_PATH}/Podfile.lock\" \"${PODS_ROOT}/Manifest.lock\" > /dev/null\nif [ $? != 0 ] ; then\n    # print error to STDERR\n    echo \"error: The sandbox is not in sync with the Podfile.lock. Run 'pod install' or update your CocoaPods installation.\" >&2\n    exit 1\nfi\n# This output is used by Xcode 'outputs' to avoid re-running this script phase.\necho \"SUCCESS\" > \"${SCRIPT_OUTPUT_FILE_0}\"\n";
			showEnvVarsInLog = 0;
		};
/* End PBXShellScriptBuildPhase section */

/* Begin PBXSourcesBuildPhase section */
		1F574B0F28608C6600E59550 /* Sources */ = {
			isa = PBXSourcesBuildPhase;
			buildActionMask = 2147483647;
			files = (
				1FA2FFEC2864743C003A49C0 /* NoInternet.swift in Sources */,
				912E9675287C66B100FAF7DE /* ClubDetailViewController.swift in Sources */,
				1F55D17B2861E27F009A870D /* User.swift in Sources */,
				1F55D17F2861E3CC009A870D /* Club.swift in Sources */,
				914779152885474E00E2D557 /* WeeklySchedTableViewCell.swift in Sources */,
				DE779E70287F274F00E4A90E /* WeeklySchedule.swift in Sources */,
				912E9673287C550000FAF7DE /* ClubViewController.swift in Sources */,
				9159E4DB287EF28300CFACCA /* GroupChatViewController.swift in Sources */,
				1F55D1812861E516009A870D /* Protocols.swift in Sources */,
				1F574B1B28608C6600E59550 /* Main.swift in Sources */,
				1F574B1728608C6600E59550 /* AppDelegate.swift in Sources */,
				1F574B1928608C6600E59550 /* SceneDelegate.swift in Sources */,
				9159E4E1287EF75D00CFACCA /* Message.swift in Sources */,
				1F55D17D2861E308009A870D /* Event.swift in Sources */,
				DE779E72287F2DDF00E4A90E /* CalendarViewController.swift in Sources */,
				91477912288544E400E2D557 /* ClubTableViewCell.swift in Sources */,
				914779182885482600E2D557 /* Schedule.swift in Sources */,
				DE779E74287F2E4000E4A90E /* MapViewController.swift in Sources */,
				1F133BE32861F687002D587A /* LogIn.swift in Sources */,
				1FA2FFF028857093003A49C0 /* Navig.swift in Sources */,
			);
			runOnlyForDeploymentPostprocessing = 0;
		};
/* End PBXSourcesBuildPhase section */

/* Begin PBXVariantGroup section */
		1F574B2128608C6700E59550 /* LaunchScreen.storyboard */ = {
			isa = PBXVariantGroup;
			children = (
				1F574B2228608C6700E59550 /* Base */,
			);
			name = LaunchScreen.storyboard;
			sourceTree = "<group>";
		};
/* End PBXVariantGroup section */

/* Begin XCBuildConfiguration section */
		1F574B2528608C6700E59550 /* Debug */ = {
			isa = XCBuildConfiguration;
			buildSettings = {
				ALWAYS_SEARCH_USER_PATHS = NO;
				CLANG_ANALYZER_NONNULL = YES;
				CLANG_ANALYZER_NUMBER_OBJECT_CONVERSION = YES_AGGRESSIVE;
				CLANG_CXX_LANGUAGE_STANDARD = "gnu++17";
				CLANG_CXX_LIBRARY = "libc++";
				CLANG_ENABLE_MODULES = YES;
				CLANG_ENABLE_OBJC_ARC = YES;
				CLANG_ENABLE_OBJC_WEAK = YES;
				CLANG_WARN_BLOCK_CAPTURE_AUTORELEASING = YES;
				CLANG_WARN_BOOL_CONVERSION = YES;
				CLANG_WARN_COMMA = YES;
				CLANG_WARN_CONSTANT_CONVERSION = YES;
				CLANG_WARN_DEPRECATED_OBJC_IMPLEMENTATIONS = YES;
				CLANG_WARN_DIRECT_OBJC_ISA_USAGE = YES_ERROR;
				CLANG_WARN_DOCUMENTATION_COMMENTS = YES;
				CLANG_WARN_EMPTY_BODY = YES;
				CLANG_WARN_ENUM_CONVERSION = YES;
				CLANG_WARN_INFINITE_RECURSION = YES;
				CLANG_WARN_INT_CONVERSION = YES;
				CLANG_WARN_NON_LITERAL_NULL_CONVERSION = YES;
				CLANG_WARN_OBJC_IMPLICIT_RETAIN_SELF = YES;
				CLANG_WARN_OBJC_LITERAL_CONVERSION = YES;
				CLANG_WARN_OBJC_ROOT_CLASS = YES_ERROR;
				CLANG_WARN_QUOTED_INCLUDE_IN_FRAMEWORK_HEADER = YES;
				CLANG_WARN_RANGE_LOOP_ANALYSIS = YES;
				CLANG_WARN_STRICT_PROTOTYPES = YES;
				CLANG_WARN_SUSPICIOUS_MOVE = YES;
				CLANG_WARN_UNGUARDED_AVAILABILITY = YES_AGGRESSIVE;
				CLANG_WARN_UNREACHABLE_CODE = YES;
				CLANG_WARN__DUPLICATE_METHOD_MATCH = YES;
				COPY_PHASE_STRIP = NO;
				DEBUG_INFORMATION_FORMAT = dwarf;
				ENABLE_STRICT_OBJC_MSGSEND = YES;
				ENABLE_TESTABILITY = YES;
				GCC_C_LANGUAGE_STANDARD = gnu11;
				GCC_DYNAMIC_NO_PIC = NO;
				GCC_NO_COMMON_BLOCKS = YES;
				GCC_OPTIMIZATION_LEVEL = 0;
				GCC_PREPROCESSOR_DEFINITIONS = (
					"DEBUG=1",
					"$(inherited)",
				);
				GCC_WARN_64_TO_32_BIT_CONVERSION = YES;
				GCC_WARN_ABOUT_RETURN_TYPE = YES_ERROR;
				GCC_WARN_UNDECLARED_SELECTOR = YES;
				GCC_WARN_UNINITIALIZED_AUTOS = YES_AGGRESSIVE;
				GCC_WARN_UNUSED_FUNCTION = YES;
				GCC_WARN_UNUSED_VARIABLE = YES;
				IPHONEOS_DEPLOYMENT_TARGET = 15.2;
				MTL_ENABLE_DEBUG_INFO = INCLUDE_SOURCE;
				MTL_FAST_MATH = YES;
				ONLY_ACTIVE_ARCH = YES;
				SDKROOT = iphoneos;
				SWIFT_ACTIVE_COMPILATION_CONDITIONS = DEBUG;
				SWIFT_OPTIMIZATION_LEVEL = "-Onone";
			};
			name = Debug;
		};
		1F574B2628608C6700E59550 /* Release */ = {
			isa = XCBuildConfiguration;
			buildSettings = {
				ALWAYS_SEARCH_USER_PATHS = NO;
				CLANG_ANALYZER_NONNULL = YES;
				CLANG_ANALYZER_NUMBER_OBJECT_CONVERSION = YES_AGGRESSIVE;
				CLANG_CXX_LANGUAGE_STANDARD = "gnu++17";
				CLANG_CXX_LIBRARY = "libc++";
				CLANG_ENABLE_MODULES = YES;
				CLANG_ENABLE_OBJC_ARC = YES;
				CLANG_ENABLE_OBJC_WEAK = YES;
				CLANG_WARN_BLOCK_CAPTURE_AUTORELEASING = YES;
				CLANG_WARN_BOOL_CONVERSION = YES;
				CLANG_WARN_COMMA = YES;
				CLANG_WARN_CONSTANT_CONVERSION = YES;
				CLANG_WARN_DEPRECATED_OBJC_IMPLEMENTATIONS = YES;
				CLANG_WARN_DIRECT_OBJC_ISA_USAGE = YES_ERROR;
				CLANG_WARN_DOCUMENTATION_COMMENTS = YES;
				CLANG_WARN_EMPTY_BODY = YES;
				CLANG_WARN_ENUM_CONVERSION = YES;
				CLANG_WARN_INFINITE_RECURSION = YES;
				CLANG_WARN_INT_CONVERSION = YES;
				CLANG_WARN_NON_LITERAL_NULL_CONVERSION = YES;
				CLANG_WARN_OBJC_IMPLICIT_RETAIN_SELF = YES;
				CLANG_WARN_OBJC_LITERAL_CONVERSION = YES;
				CLANG_WARN_OBJC_ROOT_CLASS = YES_ERROR;
				CLANG_WARN_QUOTED_INCLUDE_IN_FRAMEWORK_HEADER = YES;
				CLANG_WARN_RANGE_LOOP_ANALYSIS = YES;
				CLANG_WARN_STRICT_PROTOTYPES = YES;
				CLANG_WARN_SUSPICIOUS_MOVE = YES;
				CLANG_WARN_UNGUARDED_AVAILABILITY = YES_AGGRESSIVE;
				CLANG_WARN_UNREACHABLE_CODE = YES;
				CLANG_WARN__DUPLICATE_METHOD_MATCH = YES;
				COPY_PHASE_STRIP = NO;
				DEBUG_INFORMATION_FORMAT = "dwarf-with-dsym";
				ENABLE_NS_ASSERTIONS = NO;
				ENABLE_STRICT_OBJC_MSGSEND = YES;
				GCC_C_LANGUAGE_STANDARD = gnu11;
				GCC_NO_COMMON_BLOCKS = YES;
				GCC_WARN_64_TO_32_BIT_CONVERSION = YES;
				GCC_WARN_ABOUT_RETURN_TYPE = YES_ERROR;
				GCC_WARN_UNDECLARED_SELECTOR = YES;
				GCC_WARN_UNINITIALIZED_AUTOS = YES_AGGRESSIVE;
				GCC_WARN_UNUSED_FUNCTION = YES;
				GCC_WARN_UNUSED_VARIABLE = YES;
				IPHONEOS_DEPLOYMENT_TARGET = 15.2;
				MTL_ENABLE_DEBUG_INFO = NO;
				MTL_FAST_MATH = YES;
				SDKROOT = iphoneos;
				SWIFT_COMPILATION_MODE = wholemodule;
				SWIFT_OPTIMIZATION_LEVEL = "-O";
				VALIDATE_PRODUCT = YES;
			};
			name = Release;
		};
		1F574B2828608C6700E59550 /* Debug */ = {
			isa = XCBuildConfiguration;
			baseConfigurationReference = 3008460DFFCBEFD2073A35E3 /* Pods-NotVega Help.debug.xcconfig */;
			buildSettings = {
				ASSETCATALOG_COMPILER_APPICON_NAME = AppIcon;
				ASSETCATALOG_COMPILER_GLOBAL_ACCENT_COLOR_NAME = AccentColor;
				CODE_SIGN_STYLE = Automatic;
				CURRENT_PROJECT_VERSION = 1;
				DEVELOPMENT_TEAM = 8BM53T24YK;
				GENERATE_INFOPLIST_FILE = YES;
				INFOPLIST_FILE = "NotVega Help/Info.plist";
				INFOPLIST_KEY_UIApplicationSupportsIndirectInputEvents = YES;
				INFOPLIST_KEY_UILaunchStoryboardName = LaunchScreen;
				INFOPLIST_KEY_UIMainStoryboardFile = Main;
				INFOPLIST_KEY_UISupportedInterfaceOrientations_iPad = "UIInterfaceOrientationPortrait UIInterfaceOrientationPortraitUpsideDown UIInterfaceOrientationLandscapeLeft UIInterfaceOrientationLandscapeRight";
				INFOPLIST_KEY_UISupportedInterfaceOrientations_iPhone = "UIInterfaceOrientationPortrait UIInterfaceOrientationLandscapeLeft UIInterfaceOrientationLandscapeRight";
				LD_RUNPATH_SEARCH_PATHS = (
					"$(inherited)",
					"@executable_path/Frameworks",
				);
				MARKETING_VERSION = 1.0;
				PRODUCT_BUNDLE_IDENTIFIER = "com.Trent.NotVega-Help";
				PRODUCT_NAME = "$(TARGET_NAME)";
				SWIFT_EMIT_LOC_STRINGS = YES;
				SWIFT_VERSION = 5.0;
				TARGETED_DEVICE_FAMILY = "1,2";
			};
			name = Debug;
		};
		1F574B2928608C6700E59550 /* Release */ = {
			isa = XCBuildConfiguration;
			baseConfigurationReference = 7E9E9235E316A8B52BC667AB /* Pods-NotVega Help.release.xcconfig */;
			buildSettings = {
				ASSETCATALOG_COMPILER_APPICON_NAME = AppIcon;
				ASSETCATALOG_COMPILER_GLOBAL_ACCENT_COLOR_NAME = AccentColor;
				CODE_SIGN_STYLE = Automatic;
				CURRENT_PROJECT_VERSION = 1;
				DEVELOPMENT_TEAM = 8BM53T24YK;
				GENERATE_INFOPLIST_FILE = YES;
				INFOPLIST_FILE = "NotVega Help/Info.plist";
				INFOPLIST_KEY_UIApplicationSupportsIndirectInputEvents = YES;
				INFOPLIST_KEY_UILaunchStoryboardName = LaunchScreen;
				INFOPLIST_KEY_UIMainStoryboardFile = Main;
				INFOPLIST_KEY_UISupportedInterfaceOrientations_iPad = "UIInterfaceOrientationPortrait UIInterfaceOrientationPortraitUpsideDown UIInterfaceOrientationLandscapeLeft UIInterfaceOrientationLandscapeRight";
				INFOPLIST_KEY_UISupportedInterfaceOrientations_iPhone = "UIInterfaceOrientationPortrait UIInterfaceOrientationLandscapeLeft UIInterfaceOrientationLandscapeRight";
				LD_RUNPATH_SEARCH_PATHS = (
					"$(inherited)",
					"@executable_path/Frameworks",
				);
				MARKETING_VERSION = 1.0;
				PRODUCT_BUNDLE_IDENTIFIER = "com.Trent.NotVega-Help";
				PRODUCT_NAME = "$(TARGET_NAME)";
				SWIFT_EMIT_LOC_STRINGS = YES;
				SWIFT_VERSION = 5.0;
				TARGETED_DEVICE_FAMILY = "1,2";
			};
			name = Release;
		};
/* End XCBuildConfiguration section */

/* Begin XCConfigurationList section */
		1F574B0E28608C6600E59550 /* Build configuration list for PBXProject "NotVega Help" */ = {
			isa = XCConfigurationList;
			buildConfigurations = (
				1F574B2528608C6700E59550 /* Debug */,
				1F574B2628608C6700E59550 /* Release */,
			);
			defaultConfigurationIsVisible = 0;
			defaultConfigurationName = Release;
		};
		1F574B2728608C6700E59550 /* Build configuration list for PBXNativeTarget "NotVega Help" */ = {
			isa = XCConfigurationList;
			buildConfigurations = (
				1F574B2828608C6700E59550 /* Debug */,
				1F574B2928608C6700E59550 /* Release */,
			);
			defaultConfigurationIsVisible = 0;
			defaultConfigurationName = Release;
		};
/* End XCConfigurationList section */
	};
	rootObject = 1F574B0B28608C6600E59550 /* Project object */;
}
